
Microsoft Visual Studio Solution File, Format Version 12.00
# Visual Studio Version 17
VisualStudioVersion = 17.11.35312.102
MinimumVisualStudioVersion = 10.0.40219.1
Project("{FAE04EC0-301F-11D3-BF4B-00C04F79EFBC}") = "Lab4A", "Lab4A\Lab4A.csproj", "{6DF9E004-D2F8-48A5-BABB-0FBC86889041}"
EndProject
Project("{FAE04EC0-301F-11D3-BF4B-00C04F79EFBC}") = "Lab4B", "Lab4B\Lab4B.csproj", "{2178ED92-5DEF-49C0-9900-1F70A748793B}"
EndProject
Global
	GlobalSection(SolutionConfigurationPlatforms) = preSolution
		Debug|Any CPU = Debug|Any CPU
		Release|Any CPU = Release|Any CPU
	EndGlobalSection
	GlobalSection(ProjectConfigurationPlatforms) = postSolution
		{6DF9E004-D2F8-48A5-BABB-0FBC86889041}.Debug|Any CPU.ActiveCfg = Debug|Any CPU
		{6DF9E004-D2F8-48A5-BABB-0FBC86889041}.Debug|Any CPU.Build.0 = Debug|Any CPU
		{6DF9E004-D2F8-48A5-BABB-0FBC86889041}.Release|Any CPU.ActiveCfg = Release|Any CPU
		{6DF9E004-D2F8-48A5-BABB-0FBC86889041}.Release|Any CPU.Build.0 = Release|Any CPU
		{2178ED92-5DEF-49C0-9900-1F70A748793B}.Debug|Any CPU.ActiveCfg = Debug|Any CPU
		{2178ED92-5DEF-49C0-9900-1F70A748793B}.Debug|Any CPU.Build.0 = Debug|Any CPU
		{2178ED92-5DEF-49C0-9900-1F70A748793B}.Release|Any CPU.ActiveCfg = Release|Any CPU
		{2178ED92-5DEF-49C0-9900-1F70A748793B}.Release|Any CPU.Build.0 = Release|Any CPU
	EndGlobalSection
	GlobalSection(SolutionProperties) = preSolution
		HideSolutionNode = FALSE
	EndGlobalSection
	GlobalSection(ExtensibilityGlobals) = postSolution
		SolutionGuid = {0DE90B85-C8B8-4320-A59E-2AD9585A6B3D}
	EndGlobalSection
EndGlobal
